
Microsoft Visual Studio Solution File, Format Version 12.00
# Visual Studio Version 17
VisualStudioVersion = 17.11.35327.3
MinimumVisualStudioVersion = 10.0.40219.1
Project("{9A19103F-16F7-4668-BE54-9A1E7A4F7556}") = "Alura.Filmes_1", "Alura.Filmes_1.csproj", "{09850705-63E5-4D78-AA2E-0D5FC6AA87BA}"
EndProject
Global
	GlobalSection(SolutionConfigurationPlatforms) = preSolution
		Debug|Any CPU = Debug|Any CPU
		Release|Any CPU = Release|Any CPU
	EndGlobalSection
	GlobalSection(ProjectConfigurationPlatforms) = postSolution
		{09850705-63E5-4D78-AA2E-0D5FC6AA87BA}.Debug|Any CPU.ActiveCfg = Debug|Any CPU
		{09850705-63E5-4D78-AA2E-0D5FC6AA87BA}.Debug|Any CPU.Build.0 = Debug|Any CPU
		{09850705-63E5-4D78-AA2E-0D5FC6AA87BA}.Release|Any CPU.ActiveCfg = Release|Any CPU
		{09850705-63E5-4D78-AA2E-0D5FC6AA87BA}.Release|Any CPU.Build.0 = Release|Any CPU
	EndGlobalSection
	GlobalSection(SolutionProperties) = preSolution
		HideSolutionNode = FALSE
	EndGlobalSection
	GlobalSection(ExtensibilityGlobals) = postSolution
		SolutionGuid = {CAB6BCAC-8E74-4183-A360-0676CE962329}
	EndGlobalSection
EndGlobal
